<?xml version="1.0" encoding="utf-8"?>
<Project ToolsVersion="4.0" xmlns="http://schemas.microsoft.com/developer/msbuild/2003">
  <ItemGroup>
    <ClCompile Include="template\template.cpp">
      <Filter>template</Filter>
    </ClCompile>
    <ClCompile Include="game.cpp" />
    <ClCompile Include="template\opencl.cpp">
      <Filter>template</Filter>
    </ClCompile>
    <ClCompile Include="template\opengl.cpp">
      <Filter>template</Filter>
    </ClCompile>
    <ClCompile Include="template\sprite.cpp">
      <Filter>template</Filter>
    </ClCompile>
    <ClCompile Include="template\surface.cpp">
      <Filter>template</Filter>
    </ClCompile>
    <ClCompile Include="template\tmpl8math.cpp">
      <Filter>template</Filter>
    </ClCompile>
    <ClCompile Include="classes\camera.cpp">
      <Filter>classes</Filter>
    </ClCompile>
    <ClCompile Include="classes\enemy.cpp">
      <Filter>classes</Filter>
    </ClCompile>
    <ClCompile Include="classes\gameobject.cpp">
      <Filter>classes</Filter>
    </ClCompile>
    <ClCompile Include="classes\player.cpp">
      <Filter>classes</Filter>
    </ClCompile>
    <ClCompile Include="classes\rope.cpp">
      <Filter>classes</Filter>
    </ClCompile>
    <ClCompile Include="classes\tmloader.cpp">
      <Filter>classes</Filter>
    </ClCompile>
    <ClCompile Include="input.cpp" />
  </ItemGroup>
  <ItemGroup>
    <ClInclude Include="template\common.h">
      <Filter>template</Filter>
    </ClInclude>
    <ClInclude Include="template\precomp.h">
      <Filter>template</Filter>
    </ClInclude>
    <ClInclude Include="game.h" />
    <ClInclude Include="cl\tools.cl">
      <Filter>template\cl</Filter>
    </ClInclude>
    <ClInclude Include="template\opencl.h">
      <Filter>template</Filter>
    </ClInclude>
    <ClInclude Include="template\opengl.h">
      <Filter>template</Filter>
    </ClInclude>
    <ClInclude Include="template\sprite.h">
      <Filter>template</Filter>
    </ClInclude>
    <ClInclude Include="template\surface.h">
      <Filter>template</Filter>
    </ClInclude>
    <ClInclude Include="template\tmpl8math.h">
      <Filter>template</Filter>
    </ClInclude>
    <ClInclude Include="classes\tmloader.h">
      <Filter>classes</Filter>
    </ClInclude>
    <ClInclude Include="classes\camera.h">
      <Filter>classes</Filter>
    </ClInclude>
    <ClInclude Include="classes\enemy.h">
      <Filter>classes</Filter>
    </ClInclude>
    <ClInclude Include="classes\gameobject.h">
      <Filter>classes</Filter>
    </ClInclude>
    <ClInclude Include="classes\player.h">
      <Filter>classes</Filter>
    </ClInclude>
    <ClInclude Include="classes\rope.h">
      <Filter>classes</Filter>
    </ClInclude>
    <ClInclude Include="input.h" />
  </ItemGroup>
  <ItemGroup>
    <None Include="template\LICENSE">
      <Filter>template</Filter>
    </None>
    <None Include="README.md">
      <Filter>template</Filter>
    </None>
    <None Include="cl\kernels.cl">
      <Filter>template\cl</Filter>
    </None>
  </ItemGroup>
  <ItemGroup>
    <Filter Include="template">
      <UniqueIdentifier>{a7d6e3cb-bfcd-438d-979f-17df241a55b4}</UniqueIdentifier>
    </Filter>
    <Filter Include="template\cl">
      <UniqueIdentifier>{dc41819e-b6c1-4070-b4c1-0849e444ca7e}</UniqueIdentifier>
    </Filter>
    <Filter Include="classes">
      <UniqueIdentifier>{7c9de6ec-e395-446c-8e9f-cb184d4f0fa1}</UniqueIdentifier>
    </Filter>
  </ItemGroup>
</Project>